
Microsoft Visual Studio Solution File, Format Version 12.00
# Visual Studio 2012
Project("{FAE04EC0-301F-11D3-BF4B-00C04F79EFBC}") = "validations", "..\validations.csproj", "{AC1B9DE9-B4E2-4594-A43C-1E0DA84702BF}"
EndProject
Global
	GlobalSection(SolutionConfigurationPlatforms) = preSolution
		Debug|Any CPU = Debug|Any CPU
		Release|Any CPU = Release|Any CPU
	EndGlobalSection
	GlobalSection(ProjectConfigurationPlatforms) = postSolution
		{AC1B9DE9-B4E2-4594-A43C-1E0DA84702BF}.Debug|Any CPU.ActiveCfg = Debug|Any CPU
		{AC1B9DE9-B4E2-4594-A43C-1E0DA84702BF}.Debug|Any CPU.Build.0 = Debug|Any CPU
		{AC1B9DE9-B4E2-4594-A43C-1E0DA84702BF}.Release|Any CPU.ActiveCfg = Release|Any CPU
		{AC1B9DE9-B4E2-4594-A43C-1E0DA84702BF}.Release|Any CPU.Build.0 = Release|Any CPU
	EndGlobalSection
	GlobalSection(SolutionProperties) = preSolution
		HideSolutionNode = FALSE
	EndGlobalSection
EndGlobal
